
Microsoft Visual Studio Solution File, Format Version 12.00
# Visual Studio Version 17
VisualStudioVersion = 17.13.35806.99 d17.13
MinimumVisualStudioVersion = 10.0.40219.1
Project("{FAE04EC0-301F-11D3-BF4B-00C04F79EFBC}") = "restaurant", "restaurant\restaurant.csproj", "{2F28BBDF-932A-45F8-9442-90647BE4C62D}"
EndProject
Global
	GlobalSection(SolutionConfigurationPlatforms) = preSolution
		Debug|Any CPU = Debug|Any CPU
		Release|Any CPU = Release|Any CPU
	EndGlobalSection
	GlobalSection(ProjectConfigurationPlatforms) = postSolution
		{2F28BBDF-932A-45F8-9442-90647BE4C62D}.Debug|Any CPU.ActiveCfg = Debug|Any CPU
		{2F28BBDF-932A-45F8-9442-90647BE4C62D}.Debug|Any CPU.Build.0 = Debug|Any CPU
		{2F28BBDF-932A-45F8-9442-90647BE4C62D}.Release|Any CPU.ActiveCfg = Release|Any CPU
		{2F28BBDF-932A-45F8-9442-90647BE4C62D}.Release|Any CPU.Build.0 = Release|Any CPU
	EndGlobalSection
	GlobalSection(SolutionProperties) = preSolution
		HideSolutionNode = FALSE
	EndGlobalSection
	GlobalSection(ExtensibilityGlobals) = postSolution
		SolutionGuid = {995D645E-F754-475F-B00C-0FC2B252F531}
	EndGlobalSection
EndGlobal
